
Microsoft Visual Studio Solution File, Format Version 12.00
# Visual Studio Version 17
VisualStudioVersion = 17.14.36109.1 d17.14
MinimumVisualStudioVersion = 10.0.40219.1
Project("{FAE04EC0-301F-11D3-BF4B-00C04F79EFBC}") = "mineSweeper2", "mineSweeper2\mineSweeper2.csproj", "{747FAE04-F2F3-4C39-B063-954EB002CB4B}"
EndProject
Global
	GlobalSection(SolutionConfigurationPlatforms) = preSolution
		Debug|Any CPU = Debug|Any CPU
		Release|Any CPU = Release|Any CPU
	EndGlobalSection
	GlobalSection(ProjectConfigurationPlatforms) = postSolution
		{747FAE04-F2F3-4C39-B063-954EB002CB4B}.Debug|Any CPU.ActiveCfg = Debug|Any CPU
		{747FAE04-F2F3-4C39-B063-954EB002CB4B}.Debug|Any CPU.Build.0 = Debug|Any CPU
		{747FAE04-F2F3-4C39-B063-954EB002CB4B}.Release|Any CPU.ActiveCfg = Release|Any CPU
		{747FAE04-F2F3-4C39-B063-954EB002CB4B}.Release|Any CPU.Build.0 = Release|Any CPU
	EndGlobalSection
	GlobalSection(SolutionProperties) = preSolution
		HideSolutionNode = FALSE
	EndGlobalSection
	GlobalSection(ExtensibilityGlobals) = postSolution
		SolutionGuid = {F7252EEC-83B3-4A13-A570-E1CFF31FF17D}
	EndGlobalSection
EndGlobal
